
Microsoft Visual Studio Solution File, Format Version 12.00
# Visual Studio 15
VisualStudioVersion = 15.0.26124.0
MinimumVisualStudioVersion = 15.0.26124.0
Project("{9A19103F-16F7-4668-BE54-9A1E7A4F7556}") = "R5T.Worcester.Types.Construction", "R5T.Worcester.Types.Construction\R5T.Worcester.Types.Construction.csproj", "{0E5BEF36-43D5-4A90-A69A-97F552C7B151}"
EndProject
Project("{9A19103F-16F7-4668-BE54-9A1E7A4F7556}") = "R5T.Worcester.Types", "R5T.Worcester.Types\R5T.Worcester.Types.csproj", "{7FA22DB1-3150-4667-9515-E51FCBF3B442}"
EndProject
Project("{9A19103F-16F7-4668-BE54-9A1E7A4F7556}") = "R5T.Worcester.Types.Testing", "R5T.Worcester.Types.Testing\R5T.Worcester.Types.Testing.csproj", "{3A44FA86-1C6D-4043-8DDC-3EBD6C19F136}"
EndProject
Project("{2150E333-8FDC-42A3-9474-1A3956D46DE8}") = "_Dependencies", "_Dependencies", "{19B279F2-AC4C-4833-83D2-B0FF523DF3C4}"
EndProject
Project("{9A19103F-16F7-4668-BE54-9A1E7A4F7556}") = "R5T.Worcester.Abstractions", "..\..\R5T.Worcester.Abstractions\source\R5T.Worcester.Abstractions\R5T.Worcester.Abstractions.csproj", "{7A88AB57-91EE-433C-A37F-9F568C516CD2}"
EndProject
Project("{9A19103F-16F7-4668-BE54-9A1E7A4F7556}") = "R5T.Magyar", "..\..\R5T.Magyar\source\R5T.Magyar\R5T.Magyar.csproj", "{C3312309-F8DD-4E94-BE45-20E57D789D9B}"
EndProject
Global
	GlobalSection(SolutionConfigurationPlatforms) = preSolution
		Debug|Any CPU = Debug|Any CPU
		Debug|x64 = Debug|x64
		Debug|x86 = Debug|x86
		Release|Any CPU = Release|Any CPU
		Release|x64 = Release|x64
		Release|x86 = Release|x86
	EndGlobalSection
	GlobalSection(ProjectConfigurationPlatforms) = postSolution
		{0E5BEF36-43D5-4A90-A69A-97F552C7B151}.Debug|Any CPU.ActiveCfg = Debug|Any CPU
		{0E5BEF36-43D5-4A90-A69A-97F552C7B151}.Debug|Any CPU.Build.0 = Debug|Any CPU
		{0E5BEF36-43D5-4A90-A69A-97F552C7B151}.Debug|x64.ActiveCfg = Debug|Any CPU
		{0E5BEF36-43D5-4A90-A69A-97F552C7B151}.Debug|x64.Build.0 = Debug|Any CPU
		{0E5BEF36-43D5-4A90-A69A-97F552C7B151}.Debug|x86.ActiveCfg = Debug|Any CPU
		{0E5BEF36-43D5-4A90-A69A-97F552C7B151}.Debug|x86.Build.0 = Debug|Any CPU
		{0E5BEF36-43D5-4A90-A69A-97F552C7B151}.Release|Any CPU.ActiveCfg = Release|Any CPU
		{0E5BEF36-43D5-4A90-A69A-97F552C7B151}.Release|Any CPU.Build.0 = Release|Any CPU
		{0E5BEF36-43D5-4A90-A69A-97F552C7B151}.Release|x64.ActiveCfg = Release|Any CPU
		{0E5BEF36-43D5-4A90-A69A-97F552C7B151}.Release|x64.Build.0 = Release|Any CPU
		{0E5BEF36-43D5-4A90-A69A-97F552C7B151}.Release|x86.ActiveCfg = Release|Any CPU
		{0E5BEF36-43D5-4A90-A69A-97F552C7B151}.Release|x86.Build.0 = Release|Any CPU
		{7FA22DB1-3150-4667-9515-E51FCBF3B442}.Debug|Any CPU.ActiveCfg = Debug|Any CPU
		{7FA22DB1-3150-4667-9515-E51FCBF3B442}.Debug|Any CPU.Build.0 = Debug|Any CPU
		{7FA22DB1-3150-4667-9515-E51FCBF3B442}.Debug|x64.ActiveCfg = Debug|Any CPU
		{7FA22DB1-3150-4667-9515-E51FCBF3B442}.Debug|x64.Build.0 = Debug|Any CPU
		{7FA22DB1-3150-4667-9515-E51FCBF3B442}.Debug|x86.ActiveCfg = Debug|Any CPU
		{7FA22DB1-3150-4667-9515-E51FCBF3B442}.Debug|x86.Build.0 = Debug|Any CPU
		{7FA22DB1-3150-4667-9515-E51FCBF3B442}.Release|Any CPU.ActiveCfg = Release|Any CPU
		{7FA22DB1-3150-4667-9515-E51FCBF3B442}.Release|Any CPU.Build.0 = Release|Any CPU
		{7FA22DB1-3150-4667-9515-E51FCBF3B442}.Release|x64.ActiveCfg = Release|Any CPU
		{7FA22DB1-3150-4667-9515-E51FCBF3B442}.Release|x64.Build.0 = Release|Any CPU
		{7FA22DB1-3150-4667-9515-E51FCBF3B442}.Release|x86.ActiveCfg = Release|Any CPU
		{7FA22DB1-3150-4667-9515-E51FCBF3B442}.Release|x86.Build.0 = Release|Any CPU
		{3A44FA86-1C6D-4043-8DDC-3EBD6C19F136}.Debug|Any CPU.ActiveCfg = Debug|Any CPU
		{3A44FA86-1C6D-4043-8DDC-3EBD6C19F136}.Debug|Any CPU.Build.0 = Debug|Any CPU
		{3A44FA86-1C6D-4043-8DDC-3EBD6C19F136}.Debug|x64.ActiveCfg = Debug|Any CPU
		{3A44FA86-1C6D-4043-8DDC-3EBD6C19F136}.Debug|x64.Build.0 = Debug|Any CPU
		{3A44FA86-1C6D-4043-8DDC-3EBD6C19F136}.Debug|x86.ActiveCfg = Debug|Any CPU
		{3A44FA86-1C6D-4043-8DDC-3EBD6C19F136}.Debug|x86.Build.0 = Debug|Any CPU
		{3A44FA86-1C6D-4043-8DDC-3EBD6C19F136}.Release|Any CPU.ActiveCfg = Release|Any CPU
		{3A44FA86-1C6D-4043-8DDC-3EBD6C19F136}.Release|Any CPU.Build.0 = Release|Any CPU
		{3A44FA86-1C6D-4043-8DDC-3EBD6C19F136}.Release|x64.ActiveCfg = Release|Any CPU
		{3A44FA86-1C6D-4043-8DDC-3EBD6C19F136}.Release|x64.Build.0 = Release|Any CPU
		{3A44FA86-1C6D-4043-8DDC-3EBD6C19F136}.Release|x86.ActiveCfg = Release|Any CPU
		{3A44FA86-1C6D-4043-8DDC-3EBD6C19F136}.Release|x86.Build.0 = Release|Any CPU
		{7A88AB57-91EE-433C-A37F-9F568C516CD2}.Debug|Any CPU.ActiveCfg = Debug|Any CPU
		{7A88AB57-91EE-433C-A37F-9F568C516CD2}.Debug|Any CPU.Build.0 = Debug|Any CPU
		{7A88AB57-91EE-433C-A37F-9F568C516CD2}.Debug|x64.ActiveCfg = Debug|Any CPU
		{7A88AB57-91EE-433C-A37F-9F568C516CD2}.Debug|x64.Build.0 = Debug|Any CPU
		{7A88AB57-91EE-433C-A37F-9F568C516CD2}.Debug|x86.ActiveCfg = Debug|Any CPU
		{7A88AB57-91EE-433C-A37F-9F568C516CD2}.Debug|x86.Build.0 = Debug|Any CPU
		{7A88AB57-91EE-433C-A37F-9F568C516CD2}.Release|Any CPU.ActiveCfg = Release|Any CPU
		{7A88AB57-91EE-433C-A37F-9F568C516CD2}.Release|Any CPU.Build.0 = Release|Any CPU
		{7A88AB57-91EE-433C-A37F-9F568C516CD2}.Release|x64.ActiveCfg = Release|Any CPU
		{7A88AB57-91EE-433C-A37F-9F568C516CD2}.Release|x64.Build.0 = Release|Any CPU
		{7A88AB57-91EE-433C-A37F-9F568C516CD2}.Release|x86.ActiveCfg = Release|Any CPU
		{7A88AB57-91EE-433C-A37F-9F568C516CD2}.Release|x86.Build.0 = Release|Any CPU
		{C3312309-F8DD-4E94-BE45-20E57D789D9B}.Debug|Any CPU.ActiveCfg = Debug|Any CPU
		{C3312309-F8DD-4E94-BE45-20E57D789D9B}.Debug|Any CPU.Build.0 = Debug|Any CPU
		{C3312309-F8DD-4E94-BE45-20E57D789D9B}.Debug|x64.ActiveCfg = Debug|Any CPU
		{C3312309-F8DD-4E94-BE45-20E57D789D9B}.Debug|x64.Build.0 = Debug|Any CPU
		{C3312309-F8DD-4E94-BE45-20E57D789D9B}.Debug|x86.ActiveCfg = Debug|Any CPU
		{C3312309-F8DD-4E94-BE45-20E57D789D9B}.Debug|x86.Build.0 = Debug|Any CPU
		{C3312309-F8DD-4E94-BE45-20E57D789D9B}.Release|Any CPU.ActiveCfg = Release|Any CPU
		{C3312309-F8DD-4E94-BE45-20E57D789D9B}.Release|Any CPU.Build.0 = Release|Any CPU
		{C3312309-F8DD-4E94-BE45-20E57D789D9B}.Release|x64.ActiveCfg = Release|Any CPU
		{C3312309-F8DD-4E94-BE45-20E57D789D9B}.Release|x64.Build.0 = Release|Any CPU
		{C3312309-F8DD-4E94-BE45-20E57D789D9B}.Release|x86.ActiveCfg = Release|Any CPU
		{C3312309-F8DD-4E94-BE45-20E57D789D9B}.Release|x86.Build.0 = Release|Any CPU
	EndGlobalSection
	GlobalSection(SolutionProperties) = preSolution
		HideSolutionNode = FALSE
	EndGlobalSection
	GlobalSection(NestedProjects) = preSolution
		{7A88AB57-91EE-433C-A37F-9F568C516CD2} = {19B279F2-AC4C-4833-83D2-B0FF523DF3C4}
		{C3312309-F8DD-4E94-BE45-20E57D789D9B} = {19B279F2-AC4C-4833-83D2-B0FF523DF3C4}
	EndGlobalSection
	GlobalSection(ExtensibilityGlobals) = postSolution
		SolutionGuid = {598F6125-6AF4-4A3E-9656-C25A41C70710}
	EndGlobalSection
EndGlobal
